# THIS IS AN AUTOGENERATED FILE. DO NOT EDIT THIS FILE DIRECTLY.
# yarn lockfile v1


"@tauri-apps/api@^1.0.1":
  "integrity" "sha512-TJwKkXxtF52kN9Auu5TWD2AE4ssqTrsfdpIrixYwRb3gQ/FuYwvZjrMc9weYpgsW2cMhVNkvKgneNXF/4n04lw=="
  "resolved" "https://registry.npmmirror.com/@tauri-apps/api/-/api-1.0.1.tgz"
  "version" "1.0.1"
  dependencies:
    "type-fest" "2.13.1"

"@tauri-apps/cli-darwin-arm64@1.0.2":
  "integrity" "sha512-Ahd951yoYon1+WLNBg6xsx6Bb7+GJt7WwC1FllHZ2/iLCbrtWCS2qfeLS0L4ngBqCuWyL35JC/M2LIr9mcUzrg=="
  "resolved" "https://registry.npmjs.org/@tauri-apps/cli-darwin-arm64/-/cli-darwin-arm64-1.0.2.tgz"
  "version" "1.0.2"

"@tauri-apps/cli@^1.0.2":
  "integrity" "sha512-OJdQJVwtKnTAuv2a9JQlOd0gHbbGsXwT+N6M6YQiXZ3/5WdlXey1zhnD78GXwZsf8Cz0R7QIGTBECO4ur4fnKg=="
  "resolved" "https://registry.npmjs.org/@tauri-apps/cli/-/cli-1.0.2.tgz"
  "version" "1.0.2"
  optionalDependencies:
    "@tauri-apps/cli-darwin-arm64" "1.0.2"
    "@tauri-apps/cli-darwin-x64" "1.0.2"
    "@tauri-apps/cli-linux-arm-gnueabihf" "1.0.2"
    "@tauri-apps/cli-linux-arm64-gnu" "1.0.2"
    "@tauri-apps/cli-linux-arm64-musl" "1.0.2"
    "@tauri-apps/cli-linux-x64-gnu" "1.0.2"
    "@tauri-apps/cli-linux-x64-musl" "1.0.2"
    "@tauri-apps/cli-win32-ia32-msvc" "1.0.2"
    "@tauri-apps/cli-win32-x64-msvc" "1.0.2"

"@types/node@^18.0.1":
  "integrity" "sha512-CmR8+Tsy95hhwtZBKJBs0/FFq4XX7sDZHlGGf+0q+BRZfMbOTkzkj0AFAuTyXbObDIoanaBBW0+KEW+m3N16Wg=="
  "resolved" "https://registry.npmmirror.com/@types/node/-/node-18.0.1.tgz"
  "version" "18.0.1"

"type-fest@2.13.1":
  "integrity" "sha512-hXYyrPFwETT2swFLHeoKtJrvSF/ftG/sA15/8nGaLuaDGfVAaq8DYFpu4yOyV4tzp082WqnTEoMsm3flKMI2FQ=="
  "resolved" "https://registry.npmjs.org/type-fest/-/type-fest-2.13.1.tgz"
  "version" "2.13.1"
